
Microsoft Visual Studio Solution File, Format Version 12.00
# Visual Studio Version 16
VisualStudioVersion = 16.0.30709.132
MinimumVisualStudioVersion = 10.0.40219.1
Project("{FAE04EC0-301F-11D3-BF4B-00C04F79EFBC}") = "CSGO Config Manager", "CSGO Config Manager\CSGO Config Manager.csproj", "{1195C8BB-DBDB-43B9-BB33-2D86AE13C149}"
EndProject
Global
	GlobalSection(SolutionConfigurationPlatforms) = preSolution
		Debug|Any CPU = Debug|Any CPU
		Release|Any CPU = Release|Any CPU
	EndGlobalSection
	GlobalSection(ProjectConfigurationPlatforms) = postSolution
		{1195C8BB-DBDB-43B9-BB33-2D86AE13C149}.Debug|Any CPU.ActiveCfg = Debug|Any CPU
		{1195C8BB-DBDB-43B9-BB33-2D86AE13C149}.Debug|Any CPU.Build.0 = Debug|Any CPU
		{1195C8BB-DBDB-43B9-BB33-2D86AE13C149}.Release|Any CPU.ActiveCfg = Release|Any CPU
		{1195C8BB-DBDB-43B9-BB33-2D86AE13C149}.Release|Any CPU.Build.0 = Release|Any CPU
	EndGlobalSection
	GlobalSection(SolutionProperties) = preSolution
		HideSolutionNode = FALSE
	EndGlobalSection
	GlobalSection(ExtensibilityGlobals) = postSolution
		SolutionGuid = {C52A7F86-F027-40B5-88CB-4DB8589356CD}
	EndGlobalSection
EndGlobal
